
Microsoft Visual Studio Solution File, Format Version 12.00
# Visual Studio 2015
Project("{FAE04EC0-301F-11D3-BF4B-00C04F79EFBC}") = "RollBall.CSharp", "RollBall.CSharp.csproj", "{28420F86-54EC-F3AE-BEAD-67F3175F7B83}"
EndProject
Global
	GlobalSection(SolutionConfigurationPlatforms) = preSolution
		Debug|Any CPU = Debug|Any CPU
		Release|Any CPU = Release|Any CPU
	EndGlobalSection
	GlobalSection(ProjectConfigurationPlatforms) = postSolution
		{28420F86-54EC-F3AE-BEAD-67F3175F7B83}.Debug|Any CPU.ActiveCfg = Debug|Any CPU
		{28420F86-54EC-F3AE-BEAD-67F3175F7B83}.Debug|Any CPU.Build.0 = Debug|Any CPU
		{28420F86-54EC-F3AE-BEAD-67F3175F7B83}.Release|Any CPU.ActiveCfg = Release|Any CPU
		{28420F86-54EC-F3AE-BEAD-67F3175F7B83}.Release|Any CPU.Build.0 = Release|Any CPU
	EndGlobalSection
	GlobalSection(SolutionProperties) = preSolution
		HideSolutionNode = FALSE
	EndGlobalSection
EndGlobal
